
Microsoft Visual Studio Solution File, Format Version 12.00
# Visual Studio Version 17
VisualStudioVersion = 17.7.34031.279
MinimumVisualStudioVersion = 10.0.40219.1
Project("{FAE04EC0-301F-11D3-BF4B-00C04F79EFBC}") = "WebApplication_22_11_2023_01", "WebApplication_22_11_2023_01\WebApplication_22_11_2023_01.csproj", "{E1DF70E9-03CB-4254-86C7-135E76BA4233}"
EndProject
Global
	GlobalSection(SolutionConfigurationPlatforms) = preSolution
		Debug|Any CPU = Debug|Any CPU
		Release|Any CPU = Release|Any CPU
	EndGlobalSection
	GlobalSection(ProjectConfigurationPlatforms) = postSolution
		{E1DF70E9-03CB-4254-86C7-135E76BA4233}.Debug|Any CPU.ActiveCfg = Debug|Any CPU
		{E1DF70E9-03CB-4254-86C7-135E76BA4233}.Debug|Any CPU.Build.0 = Debug|Any CPU
		{E1DF70E9-03CB-4254-86C7-135E76BA4233}.Release|Any CPU.ActiveCfg = Release|Any CPU
		{E1DF70E9-03CB-4254-86C7-135E76BA4233}.Release|Any CPU.Build.0 = Release|Any CPU
	EndGlobalSection
	GlobalSection(SolutionProperties) = preSolution
		HideSolutionNode = FALSE
	EndGlobalSection
	GlobalSection(ExtensibilityGlobals) = postSolution
		SolutionGuid = {ECCD1213-DC88-4224-9A38-C4AF2571AE31}
	EndGlobalSection
EndGlobal
